
Microsoft Visual Studio Solution File, Format Version 12.00
# Visual Studio Version 17
VisualStudioVersion = 17.4.33103.184
MinimumVisualStudioVersion = 10.0.40219.1
Project("{FAE04EC0-301F-11D3-BF4B-00C04F79EFBC}") = "vElevadores", "vElevadores.csproj", "{D151C127-3D86-421C-9E2D-4A254E82739F}"
EndProject
Global
	GlobalSection(SolutionConfigurationPlatforms) = preSolution
		Debug|Any CPU = Debug|Any CPU
		Release|Any CPU = Release|Any CPU
	EndGlobalSection
	GlobalSection(ProjectConfigurationPlatforms) = postSolution
		{D151C127-3D86-421C-9E2D-4A254E82739F}.Debug|Any CPU.ActiveCfg = Debug|Any CPU
		{D151C127-3D86-421C-9E2D-4A254E82739F}.Debug|Any CPU.Build.0 = Debug|Any CPU
		{D151C127-3D86-421C-9E2D-4A254E82739F}.Release|Any CPU.ActiveCfg = Release|Any CPU
		{D151C127-3D86-421C-9E2D-4A254E82739F}.Release|Any CPU.Build.0 = Release|Any CPU
	EndGlobalSection
	GlobalSection(SolutionProperties) = preSolution
		HideSolutionNode = FALSE
	EndGlobalSection
	GlobalSection(ExtensibilityGlobals) = postSolution
		SolutionGuid = {0D1B51B4-6FE1-4531-A9BA-88C91FDBFAEE}
	EndGlobalSection
EndGlobal
